
Microsoft Visual Studio Solution File, Format Version 12.00
# Visual Studio 15
VisualStudioVersion = 15.0.26430.6
MinimumVisualStudioVersion = 10.0.40219.1
Project("{FAE04EC0-301F-11D3-BF4B-00C04F79EFBC}") = "PriceCollector.Droid", "PriceCollector\PriceCollector.Droid\PriceCollector.Droid.csproj", "{30A54BA7-74AF-40C7-95D4-A2C6CE61D3C2}"
EndProject
Project("{FAE04EC0-301F-11D3-BF4B-00C04F79EFBC}") = "PriceCollector", "PriceCollector\PriceCollector\PriceCollector.csproj", "{2428F76B-3D7F-4EFC-B586-1ED8AEF17D3D}"
EndProject
Project("{2150E333-8FDC-42A3-9474-1A3956D46DE8}") = "Plataforms", "Plataforms", "{94B3FEF2-00C4-44A8-8B6B-1E53DD42D8D0}"
EndProject
Project("{2150E333-8FDC-42A3-9474-1A3956D46DE8}") = "Services", "Services", "{FFFEC01A-9BEA-4A5C-9A0A-9F540CEB61A7}"
EndProject
Project("{FAE04EC0-301F-11D3-BF4B-00C04F79EFBC}") = "PriceCollector.Api", "PriceCollector.Api\PriceCollector.Api.csproj", "{67F9D3A8-F71E-4428-913F-C37AE82CDB24}"
EndProject
Project("{2150E333-8FDC-42A3-9474-1A3956D46DE8}") = "Data", "Data", "{53C3165E-9063-4912-B06A-60E6B30400F9}"
EndProject
Project("{FAE04EC0-301F-11D3-BF4B-00C04F79EFBC}") = "PriceCollector.Model", "PriceCollector.Model\PriceCollector.Model.csproj", "{76D4B5F9-4BE4-4B82-8E20-86AF0FCF4DAD}"
EndProject
Project("{FAE04EC0-301F-11D3-BF4B-00C04F79EFBC}") = "PriceCollector.iOS", "PriceCollector\PriceCollector.iOS\PriceCollector.iOS.csproj", "{3C60DBF5-10AB-4C3C-9023-45979A6E6DB6}"
EndProject
Project("{2150E333-8FDC-42A3-9474-1A3956D46DE8}") = "Controls", "Controls", "{AA07DBFC-2A1B-4E7A-857B-932BEDCB789A}"
EndProject
Project("{FAE04EC0-301F-11D3-BF4B-00C04F79EFBC}") = "FAB.Forms.Profile78", "..\..\Users\Luis_\Downloads\Xamarin.Plugin.FAB-master\Xamarin.Plugin.FAB-master\Library\FloatingActionButton.Forms\Profile78\FAB.Forms.Profile78.csproj", "{78B00F76-5FB4-4429-ABF6-42A80A6E967E}"
EndProject
Project("{FAE04EC0-301F-11D3-BF4B-00C04F79EFBC}") = "FAB.Droid", "..\..\Users\Luis_\Downloads\Xamarin.Plugin.FAB-master\Xamarin.Plugin.FAB-master\Library\FloatingActionButton.Droid\FAB.Droid.csproj", "{49CE4944-F3EC-4241-9AC2-617F42624CFE}"
EndProject
Project("{D954291E-2A0B-460D-934E-DC6B0785DB48}") = "FAB.Shared", "..\..\Users\Luis_\Downloads\Xamarin.Plugin.FAB-master\Xamarin.Plugin.FAB-master\Library\FloatingActionButton.Shared\FAB.Shared.shproj", "{A00F6278-A080-4987-8E4C-075B2A9A1B86}"
EndProject
Global
	GlobalSection(SharedMSBuildProjectFiles) = preSolution
		..\..\Users\Luis_\Downloads\Xamarin.Plugin.FAB-master\Xamarin.Plugin.FAB-master\Library\FloatingActionButton.Shared\FloatingActionButton.Shared.projitems*{49ce4944-f3ec-4241-9ac2-617f42624cfe}*SharedItemsImports = 4
		..\..\Users\Luis_\Downloads\Xamarin.Plugin.FAB-master\Xamarin.Plugin.FAB-master\Library\FloatingActionButton.Shared\FloatingActionButton.Shared.projitems*{a00f6278-a080-4987-8e4c-075b2a9a1b86}*SharedItemsImports = 13
	EndGlobalSection
	GlobalSection(SolutionConfigurationPlatforms) = preSolution
		Ad-Hoc|Any CPU = Ad-Hoc|Any CPU
		Ad-Hoc|ARM = Ad-Hoc|ARM
		Ad-Hoc|iPhone = Ad-Hoc|iPhone
		Ad-Hoc|iPhoneSimulator = Ad-Hoc|iPhoneSimulator
		Ad-Hoc|x64 = Ad-Hoc|x64
		Ad-Hoc|x86 = Ad-Hoc|x86
		AppStore|Any CPU = AppStore|Any CPU
		AppStore|ARM = AppStore|ARM
		AppStore|iPhone = AppStore|iPhone
		AppStore|iPhoneSimulator = AppStore|iPhoneSimulator
		AppStore|x64 = AppStore|x64
		AppStore|x86 = AppStore|x86
		Debug|Any CPU = Debug|Any CPU
		Debug|ARM = Debug|ARM
		Debug|iPhone = Debug|iPhone
		Debug|iPhoneSimulator = Debug|iPhoneSimulator
		Debug|x64 = Debug|x64
		Debug|x86 = Debug|x86
		Release|Any CPU = Release|Any CPU
		Release|ARM = Release|ARM
		Release|iPhone = Release|iPhone
		Release|iPhoneSimulator = Release|iPhoneSimulator
		Release|x64 = Release|x64
		Release|x86 = Release|x86
	EndGlobalSection
	GlobalSection(ProjectConfigurationPlatforms) = postSolution
		{30A54BA7-74AF-40C7-95D4-A2C6CE61D3C2}.Ad-Hoc|Any CPU.ActiveCfg = Release|Any CPU
		{30A54BA7-74AF-40C7-95D4-A2C6CE61D3C2}.Ad-Hoc|Any CPU.Build.0 = Release|Any CPU
		{30A54BA7-74AF-40C7-95D4-A2C6CE61D3C2}.Ad-Hoc|Any CPU.Deploy.0 = Release|Any CPU
		{30A54BA7-74AF-40C7-95D4-A2C6CE61D3C2}.Ad-Hoc|ARM.ActiveCfg = Release|Any CPU
		{30A54BA7-74AF-40C7-95D4-A2C6CE61D3C2}.Ad-Hoc|ARM.Build.0 = Release|Any CPU
		{30A54BA7-74AF-40C7-95D4-A2C6CE61D3C2}.Ad-Hoc|ARM.Deploy.0 = Release|Any CPU
		{30A54BA7-74AF-40C7-95D4-A2C6CE61D3C2}.Ad-Hoc|iPhone.ActiveCfg = Release|Any CPU
		{30A54BA7-74AF-40C7-95D4-A2C6CE61D3C2}.Ad-Hoc|iPhone.Build.0 = Release|Any CPU
		{30A54BA7-74AF-40C7-95D4-A2C6CE61D3C2}.Ad-Hoc|iPhone.Deploy.0 = Release|Any CPU
		{30A54BA7-74AF-40C7-95D4-A2C6CE61D3C2}.Ad-Hoc|iPhoneSimulator.ActiveCfg = Release|Any CPU
		{30A54BA7-74AF-40C7-95D4-A2C6CE61D3C2}.Ad-Hoc|iPhoneSimulator.Build.0 = Release|Any CPU
		{30A54BA7-74AF-40C7-95D4-A2C6CE61D3C2}.Ad-Hoc|iPhoneSimulator.Deploy.0 = Release|Any CPU
		{30A54BA7-74AF-40C7-95D4-A2C6CE61D3C2}.Ad-Hoc|x64.ActiveCfg = Release|Any CPU
		{30A54BA7-74AF-40C7-95D4-A2C6CE61D3C2}.Ad-Hoc|x64.Build.0 = Release|Any CPU
		{30A54BA7-74AF-40C7-95D4-A2C6CE61D3C2}.Ad-Hoc|x64.Deploy.0 = Release|Any CPU
		{30A54BA7-74AF-40C7-95D4-A2C6CE61D3C2}.Ad-Hoc|x86.ActiveCfg = Release|Any CPU
		{30A54BA7-74AF-40C7-95D4-A2C6CE61D3C2}.Ad-Hoc|x86.Build.0 = Release|Any CPU
		{30A54BA7-74AF-40C7-95D4-A2C6CE61D3C2}.Ad-Hoc|x86.Deploy.0 = Release|Any CPU
		{30A54BA7-74AF-40C7-95D4-A2C6CE61D3C2}.AppStore|Any CPU.ActiveCfg = Release|Any CPU
		{30A54BA7-74AF-40C7-95D4-A2C6CE61D3C2}.AppStore|Any CPU.Build.0 = Release|Any CPU
		{30A54BA7-74AF-40C7-95D4-A2C6CE61D3C2}.AppStore|Any CPU.Deploy.0 = Release|Any CPU
		{30A54BA7-74AF-40C7-95D4-A2C6CE61D3C2}.AppStore|ARM.ActiveCfg = Release|Any CPU
		{30A54BA7-74AF-40C7-95D4-A2C6CE61D3C2}.AppStore|ARM.Build.0 = Release|Any CPU
		{30A54BA7-74AF-40C7-95D4-A2C6CE61D3C2}.AppStore|ARM.Deploy.0 = Release|Any CPU
		{30A54BA7-74AF-40C7-95D4-A2C6CE61D3C2}.AppStore|iPhone.ActiveCfg = Release|Any CPU
		{30A54BA7-74AF-40C7-95D4-A2C6CE61D3C2}.AppStore|iPhone.Build.0 = Release|Any CPU
		{30A54BA7-74AF-40C7-95D4-A2C6CE61D3C2}.AppStore|iPhone.Deploy.0 = Release|Any CPU
		{30A54BA7-74AF-40C7-95D4-A2C6CE61D3C2}.AppStore|iPhoneSimulator.ActiveCfg = Release|Any CPU
		{30A54BA7-74AF-40C7-95D4-A2C6CE61D3C2}.AppStore|iPhoneSimulator.Build.0 = Release|Any CPU
		{30A54BA7-74AF-40C7-95D4-A2C6CE61D3C2}.AppStore|iPhoneSimulator.Deploy.0 = Release|Any CPU
		{30A54BA7-74AF-40C7-95D4-A2C6CE61D3C2}.AppStore|x64.ActiveCfg = Release|Any CPU
		{30A54BA7-74AF-40C7-95D4-A2C6CE61D3C2}.AppStore|x64.Build.0 = Release|Any CPU
		{30A54BA7-74AF-40C7-95D4-A2C6CE61D3C2}.AppStore|x64.Deploy.0 = Release|Any CPU
		{30A54BA7-74AF-40C7-95D4-A2C6CE61D3C2}.AppStore|x86.ActiveCfg = Release|Any CPU
		{30A54BA7-74AF-40C7-95D4-A2C6CE61D3C2}.AppStore|x86.Build.0 = Release|Any CPU
		{30A54BA7-74AF-40C7-95D4-A2C6CE61D3C2}.AppStore|x86.Deploy.0 = Release|Any CPU
		{30A54BA7-74AF-40C7-95D4-A2C6CE61D3C2}.Debug|Any CPU.ActiveCfg = Debug|Any CPU
		{30A54BA7-74AF-40C7-95D4-A2C6CE61D3C2}.Debug|Any CPU.Build.0 = Debug|Any CPU
		{30A54BA7-74AF-40C7-95D4-A2C6CE61D3C2}.Debug|Any CPU.Deploy.0 = Debug|Any CPU
		{30A54BA7-74AF-40C7-95D4-A2C6CE61D3C2}.Debug|ARM.ActiveCfg = Debug|Any CPU
		{30A54BA7-74AF-40C7-95D4-A2C6CE61D3C2}.Debug|ARM.Build.0 = Debug|Any CPU
		{30A54BA7-74AF-40C7-95D4-A2C6CE61D3C2}.Debug|ARM.Deploy.0 = Debug|Any CPU
		{30A54BA7-74AF-40C7-95D4-A2C6CE61D3C2}.Debug|iPhone.ActiveCfg = Debug|Any CPU
		{30A54BA7-74AF-40C7-95D4-A2C6CE61D3C2}.Debug|iPhone.Build.0 = Debug|Any CPU
		{30A54BA7-74AF-40C7-95D4-A2C6CE61D3C2}.Debug|iPhone.Deploy.0 = Debug|Any CPU
		{30A54BA7-74AF-40C7-95D4-A2C6CE61D3C2}.Debug|iPhoneSimulator.ActiveCfg = Debug|Any CPU
		{30A54BA7-74AF-40C7-95D4-A2C6CE61D3C2}.Debug|iPhoneSimulator.Build.0 = Debug|Any CPU
		{30A54BA7-74AF-40C7-95D4-A2C6CE61D3C2}.Debug|iPhoneSimulator.Deploy.0 = Debug|Any CPU
		{30A54BA7-74AF-40C7-95D4-A2C6CE61D3C2}.Debug|x64.ActiveCfg = Debug|Any CPU
		{30A54BA7-74AF-40C7-95D4-A2C6CE61D3C2}.Debug|x64.Build.0 = Debug|Any CPU
		{30A54BA7-74AF-40C7-95D4-A2C6CE61D3C2}.Debug|x64.Deploy.0 = Debug|Any CPU
		{30A54BA7-74AF-40C7-95D4-A2C6CE61D3C2}.Debug|x86.ActiveCfg = Debug|Any CPU
		{30A54BA7-74AF-40C7-95D4-A2C6CE61D3C2}.Debug|x86.Build.0 = Debug|Any CPU
		{30A54BA7-74AF-40C7-95D4-A2C6CE61D3C2}.Debug|x86.Deploy.0 = Debug|Any CPU
		{30A54BA7-74AF-40C7-95D4-A2C6CE61D3C2}.Release|Any CPU.ActiveCfg = Release|Any CPU
		{30A54BA7-74AF-40C7-95D4-A2C6CE61D3C2}.Release|Any CPU.Build.0 = Release|Any CPU
		{30A54BA7-74AF-40C7-95D4-A2C6CE61D3C2}.Release|Any CPU.Deploy.0 = Release|Any CPU
		{30A54BA7-74AF-40C7-95D4-A2C6CE61D3C2}.Release|ARM.ActiveCfg = Release|Any CPU
		{30A54BA7-74AF-40C7-95D4-A2C6CE61D3C2}.Release|ARM.Build.0 = Release|Any CPU
		{30A54BA7-74AF-40C7-95D4-A2C6CE61D3C2}.Release|ARM.Deploy.0 = Release|Any CPU
		{30A54BA7-74AF-40C7-95D4-A2C6CE61D3C2}.Release|iPhone.ActiveCfg = Release|Any CPU
		{30A54BA7-74AF-40C7-95D4-A2C6CE61D3C2}.Release|iPhone.Build.0 = Release|Any CPU
		{30A54BA7-74AF-40C7-95D4-A2C6CE61D3C2}.Release|iPhone.Deploy.0 = Release|Any CPU
		{30A54BA7-74AF-40C7-95D4-A2C6CE61D3C2}.Release|iPhoneSimulator.ActiveCfg = Release|Any CPU
		{30A54BA7-74AF-40C7-95D4-A2C6CE61D3C2}.Release|iPhoneSimulator.Build.0 = Release|Any CPU
		{30A54BA7-74AF-40C7-95D4-A2C6CE61D3C2}.Release|iPhoneSimulator.Deploy.0 = Release|Any CPU
		{30A54BA7-74AF-40C7-95D4-A2C6CE61D3C2}.Release|x64.ActiveCfg = Release|Any CPU
		{30A54BA7-74AF-40C7-95D4-A2C6CE61D3C2}.Release|x64.Build.0 = Release|Any CPU
		{30A54BA7-74AF-40C7-95D4-A2C6CE61D3C2}.Release|x64.Deploy.0 = Release|Any CPU
		{30A54BA7-74AF-40C7-95D4-A2C6CE61D3C2}.Release|x86.ActiveCfg = Release|Any CPU
		{30A54BA7-74AF-40C7-95D4-A2C6CE61D3C2}.Release|x86.Build.0 = Release|Any CPU
		{30A54BA7-74AF-40C7-95D4-A2C6CE61D3C2}.Release|x86.Deploy.0 = Release|Any CPU
		{2428F76B-3D7F-4EFC-B586-1ED8AEF17D3D}.Ad-Hoc|Any CPU.ActiveCfg = Release|Any CPU
		{2428F76B-3D7F-4EFC-B586-1ED8AEF17D3D}.Ad-Hoc|Any CPU.Build.0 = Release|Any CPU
		{2428F76B-3D7F-4EFC-B586-1ED8AEF17D3D}.Ad-Hoc|ARM.ActiveCfg = Release|Any CPU
		{2428F76B-3D7F-4EFC-B586-1ED8AEF17D3D}.Ad-Hoc|ARM.Build.0 = Release|Any CPU
		{2428F76B-3D7F-4EFC-B586-1ED8AEF17D3D}.Ad-Hoc|iPhone.ActiveCfg = Release|Any CPU
		{2428F76B-3D7F-4EFC-B586-1ED8AEF17D3D}.Ad-Hoc|iPhone.Build.0 = Release|Any CPU
		{2428F76B-3D7F-4EFC-B586-1ED8AEF17D3D}.Ad-Hoc|iPhoneSimulator.ActiveCfg = Release|Any CPU
		{2428F76B-3D7F-4EFC-B586-1ED8AEF17D3D}.Ad-Hoc|iPhoneSimulator.Build.0 = Release|Any CPU
		{2428F76B-3D7F-4EFC-B586-1ED8AEF17D3D}.Ad-Hoc|x64.ActiveCfg = Release|Any CPU
		{2428F76B-3D7F-4EFC-B586-1ED8AEF17D3D}.Ad-Hoc|x64.Build.0 = Release|Any CPU
		{2428F76B-3D7F-4EFC-B586-1ED8AEF17D3D}.Ad-Hoc|x86.ActiveCfg = Release|Any CPU
		{2428F76B-3D7F-4EFC-B586-1ED8AEF17D3D}.Ad-Hoc|x86.Build.0 = Release|Any CPU
		{2428F76B-3D7F-4EFC-B586-1ED8AEF17D3D}.AppStore|Any CPU.ActiveCfg = Release|Any CPU
		{2428F76B-3D7F-4EFC-B586-1ED8AEF17D3D}.AppStore|Any CPU.Build.0 = Release|Any CPU
		{2428F76B-3D7F-4EFC-B586-1ED8AEF17D3D}.AppStore|ARM.ActiveCfg = Release|Any CPU
		{2428F76B-3D7F-4EFC-B586-1ED8AEF17D3D}.AppStore|ARM.Build.0 = Release|Any CPU
		{2428F76B-3D7F-4EFC-B586-1ED8AEF17D3D}.AppStore|iPhone.ActiveCfg = Release|Any CPU
		{2428F76B-3D7F-4EFC-B586-1ED8AEF17D3D}.AppStore|iPhone.Build.0 = Release|Any CPU
		{2428F76B-3D7F-4EFC-B586-1ED8AEF17D3D}.AppStore|iPhoneSimulator.ActiveCfg = Release|Any CPU
		{2428F76B-3D7F-4EFC-B586-1ED8AEF17D3D}.AppStore|iPhoneSimulator.Build.0 = Release|Any CPU
		{2428F76B-3D7F-4EFC-B586-1ED8AEF17D3D}.AppStore|x64.ActiveCfg = Release|Any CPU
		{2428F76B-3D7F-4EFC-B586-1ED8AEF17D3D}.AppStore|x64.Build.0 = Release|Any CPU
		{2428F76B-3D7F-4EFC-B586-1ED8AEF17D3D}.AppStore|x86.ActiveCfg = Release|Any CPU
		{2428F76B-3D7F-4EFC-B586-1ED8AEF17D3D}.AppStore|x86.Build.0 = Release|Any CPU
		{2428F76B-3D7F-4EFC-B586-1ED8AEF17D3D}.Debug|Any CPU.ActiveCfg = Debug|Any CPU
		{2428F76B-3D7F-4EFC-B586-1ED8AEF17D3D}.Debug|Any CPU.Build.0 = Debug|Any CPU
		{2428F76B-3D7F-4EFC-B586-1ED8AEF17D3D}.Debug|ARM.ActiveCfg = Debug|Any CPU
		{2428F76B-3D7F-4EFC-B586-1ED8AEF17D3D}.Debug|ARM.Build.0 = Debug|Any CPU
		{2428F76B-3D7F-4EFC-B586-1ED8AEF17D3D}.Debug|iPhone.ActiveCfg = Debug|Any CPU
		{2428F76B-3D7F-4EFC-B586-1ED8AEF17D3D}.Debug|iPhone.Build.0 = Debug|Any CPU
		{2428F76B-3D7F-4EFC-B586-1ED8AEF17D3D}.Debug|iPhoneSimulator.ActiveCfg = Debug|Any CPU
		{2428F76B-3D7F-4EFC-B586-1ED8AEF17D3D}.Debug|iPhoneSimulator.Build.0 = Debug|Any CPU
		{2428F76B-3D7F-4EFC-B586-1ED8AEF17D3D}.Debug|x64.ActiveCfg = Debug|Any CPU
		{2428F76B-3D7F-4EFC-B586-1ED8AEF17D3D}.Debug|x64.Build.0 = Debug|Any CPU
		{2428F76B-3D7F-4EFC-B586-1ED8AEF17D3D}.Debug|x86.ActiveCfg = Debug|Any CPU
		{2428F76B-3D7F-4EFC-B586-1ED8AEF17D3D}.Debug|x86.Build.0 = Debug|Any CPU
		{2428F76B-3D7F-4EFC-B586-1ED8AEF17D3D}.Release|Any CPU.ActiveCfg = Release|Any CPU
		{2428F76B-3D7F-4EFC-B586-1ED8AEF17D3D}.Release|Any CPU.Build.0 = Release|Any CPU
		{2428F76B-3D7F-4EFC-B586-1ED8AEF17D3D}.Release|ARM.ActiveCfg = Release|Any CPU
		{2428F76B-3D7F-4EFC-B586-1ED8AEF17D3D}.Release|ARM.Build.0 = Release|Any CPU
		{2428F76B-3D7F-4EFC-B586-1ED8AEF17D3D}.Release|iPhone.ActiveCfg = Release|Any CPU
		{2428F76B-3D7F-4EFC-B586-1ED8AEF17D3D}.Release|iPhone.Build.0 = Release|Any CPU
		{2428F76B-3D7F-4EFC-B586-1ED8AEF17D3D}.Release|iPhoneSimulator.ActiveCfg = Release|Any CPU
		{2428F76B-3D7F-4EFC-B586-1ED8AEF17D3D}.Release|iPhoneSimulator.Build.0 = Release|Any CPU
		{2428F76B-3D7F-4EFC-B586-1ED8AEF17D3D}.Release|x64.ActiveCfg = Release|Any CPU
		{2428F76B-3D7F-4EFC-B586-1ED8AEF17D3D}.Release|x64.Build.0 = Release|Any CPU
		{2428F76B-3D7F-4EFC-B586-1ED8AEF17D3D}.Release|x86.ActiveCfg = Release|Any CPU
		{2428F76B-3D7F-4EFC-B586-1ED8AEF17D3D}.Release|x86.Build.0 = Release|Any CPU
		{67F9D3A8-F71E-4428-913F-C37AE82CDB24}.Ad-Hoc|Any CPU.ActiveCfg = Release|Any CPU
		{67F9D3A8-F71E-4428-913F-C37AE82CDB24}.Ad-Hoc|Any CPU.Build.0 = Release|Any CPU
		{67F9D3A8-F71E-4428-913F-C37AE82CDB24}.Ad-Hoc|ARM.ActiveCfg = Release|Any CPU
		{67F9D3A8-F71E-4428-913F-C37AE82CDB24}.Ad-Hoc|ARM.Build.0 = Release|Any CPU
		{67F9D3A8-F71E-4428-913F-C37AE82CDB24}.Ad-Hoc|iPhone.ActiveCfg = Release|Any CPU
		{67F9D3A8-F71E-4428-913F-C37AE82CDB24}.Ad-Hoc|iPhone.Build.0 = Release|Any CPU
		{67F9D3A8-F71E-4428-913F-C37AE82CDB24}.Ad-Hoc|iPhoneSimulator.ActiveCfg = Release|Any CPU
		{67F9D3A8-F71E-4428-913F-C37AE82CDB24}.Ad-Hoc|iPhoneSimulator.Build.0 = Release|Any CPU
		{67F9D3A8-F71E-4428-913F-C37AE82CDB24}.Ad-Hoc|x64.ActiveCfg = Release|Any CPU
		{67F9D3A8-F71E-4428-913F-C37AE82CDB24}.Ad-Hoc|x64.Build.0 = Release|Any CPU
		{67F9D3A8-F71E-4428-913F-C37AE82CDB24}.Ad-Hoc|x86.ActiveCfg = Release|Any CPU
		{67F9D3A8-F71E-4428-913F-C37AE82CDB24}.Ad-Hoc|x86.Build.0 = Release|Any CPU
		{67F9D3A8-F71E-4428-913F-C37AE82CDB24}.AppStore|Any CPU.ActiveCfg = Release|Any CPU
		{67F9D3A8-F71E-4428-913F-C37AE82CDB24}.AppStore|Any CPU.Build.0 = Release|Any CPU
		{67F9D3A8-F71E-4428-913F-C37AE82CDB24}.AppStore|ARM.ActiveCfg = Release|Any CPU
		{67F9D3A8-F71E-4428-913F-C37AE82CDB24}.AppStore|ARM.Build.0 = Release|Any CPU
		{67F9D3A8-F71E-4428-913F-C37AE82CDB24}.AppStore|iPhone.ActiveCfg = Release|Any CPU
		{67F9D3A8-F71E-4428-913F-C37AE82CDB24}.AppStore|iPhone.Build.0 = Release|Any CPU
		{67F9D3A8-F71E-4428-913F-C37AE82CDB24}.AppStore|iPhoneSimulator.ActiveCfg = Release|Any CPU
		{67F9D3A8-F71E-4428-913F-C37AE82CDB24}.AppStore|iPhoneSimulator.Build.0 = Release|Any CPU
		{67F9D3A8-F71E-4428-913F-C37AE82CDB24}.AppStore|x64.ActiveCfg = Release|Any CPU
		{67F9D3A8-F71E-4428-913F-C37AE82CDB24}.AppStore|x64.Build.0 = Release|Any CPU
		{67F9D3A8-F71E-4428-913F-C37AE82CDB24}.AppStore|x86.ActiveCfg = Release|Any CPU
		{67F9D3A8-F71E-4428-913F-C37AE82CDB24}.AppStore|x86.Build.0 = Release|Any CPU
		{67F9D3A8-F71E-4428-913F-C37AE82CDB24}.Debug|Any CPU.ActiveCfg = Debug|Any CPU
		{67F9D3A8-F71E-4428-913F-C37AE82CDB24}.Debug|Any CPU.Build.0 = Debug|Any CPU
		{67F9D3A8-F71E-4428-913F-C37AE82CDB24}.Debug|ARM.ActiveCfg = Debug|Any CPU
		{67F9D3A8-F71E-4428-913F-C37AE82CDB24}.Debug|ARM.Build.0 = Debug|Any CPU
		{67F9D3A8-F71E-4428-913F-C37AE82CDB24}.Debug|iPhone.ActiveCfg = Debug|Any CPU
		{67F9D3A8-F71E-4428-913F-C37AE82CDB24}.Debug|iPhone.Build.0 = Debug|Any CPU
		{67F9D3A8-F71E-4428-913F-C37AE82CDB24}.Debug|iPhoneSimulator.ActiveCfg = Debug|Any CPU
		{67F9D3A8-F71E-4428-913F-C37AE82CDB24}.Debug|iPhoneSimulator.Build.0 = Debug|Any CPU
		{67F9D3A8-F71E-4428-913F-C37AE82CDB24}.Debug|x64.ActiveCfg = Debug|Any CPU
		{67F9D3A8-F71E-4428-913F-C37AE82CDB24}.Debug|x64.Build.0 = Debug|Any CPU
		{67F9D3A8-F71E-4428-913F-C37AE82CDB24}.Debug|x86.ActiveCfg = Debug|Any CPU
		{67F9D3A8-F71E-4428-913F-C37AE82CDB24}.Debug|x86.Build.0 = Debug|Any CPU
		{67F9D3A8-F71E-4428-913F-C37AE82CDB24}.Release|Any CPU.ActiveCfg = Release|Any CPU
		{67F9D3A8-F71E-4428-913F-C37AE82CDB24}.Release|Any CPU.Build.0 = Release|Any CPU
		{67F9D3A8-F71E-4428-913F-C37AE82CDB24}.Release|ARM.ActiveCfg = Release|Any CPU
		{67F9D3A8-F71E-4428-913F-C37AE82CDB24}.Release|ARM.Build.0 = Release|Any CPU
		{67F9D3A8-F71E-4428-913F-C37AE82CDB24}.Release|iPhone.ActiveCfg = Release|Any CPU
		{67F9D3A8-F71E-4428-913F-C37AE82CDB24}.Release|iPhone.Build.0 = Release|Any CPU
		{67F9D3A8-F71E-4428-913F-C37AE82CDB24}.Release|iPhoneSimulator.ActiveCfg = Release|Any CPU
		{67F9D3A8-F71E-4428-913F-C37AE82CDB24}.Release|iPhoneSimulator.Build.0 = Release|Any CPU
		{67F9D3A8-F71E-4428-913F-C37AE82CDB24}.Release|x64.ActiveCfg = Release|Any CPU
		{67F9D3A8-F71E-4428-913F-C37AE82CDB24}.Release|x64.Build.0 = Release|Any CPU
		{67F9D3A8-F71E-4428-913F-C37AE82CDB24}.Release|x86.ActiveCfg = Release|Any CPU
		{67F9D3A8-F71E-4428-913F-C37AE82CDB24}.Release|x86.Build.0 = Release|Any CPU
		{76D4B5F9-4BE4-4B82-8E20-86AF0FCF4DAD}.Ad-Hoc|Any CPU.ActiveCfg = Release|Any CPU
		{76D4B5F9-4BE4-4B82-8E20-86AF0FCF4DAD}.Ad-Hoc|Any CPU.Build.0 = Release|Any CPU
		{76D4B5F9-4BE4-4B82-8E20-86AF0FCF4DAD}.Ad-Hoc|ARM.ActiveCfg = Release|Any CPU
		{76D4B5F9-4BE4-4B82-8E20-86AF0FCF4DAD}.Ad-Hoc|ARM.Build.0 = Release|Any CPU
		{76D4B5F9-4BE4-4B82-8E20-86AF0FCF4DAD}.Ad-Hoc|iPhone.ActiveCfg = Release|Any CPU
		{76D4B5F9-4BE4-4B82-8E20-86AF0FCF4DAD}.Ad-Hoc|iPhone.Build.0 = Release|Any CPU
		{76D4B5F9-4BE4-4B82-8E20-86AF0FCF4DAD}.Ad-Hoc|iPhoneSimulator.ActiveCfg = Release|Any CPU
		{76D4B5F9-4BE4-4B82-8E20-86AF0FCF4DAD}.Ad-Hoc|iPhoneSimulator.Build.0 = Release|Any CPU
		{76D4B5F9-4BE4-4B82-8E20-86AF0FCF4DAD}.Ad-Hoc|x64.ActiveCfg = Release|Any CPU
		{76D4B5F9-4BE4-4B82-8E20-86AF0FCF4DAD}.Ad-Hoc|x64.Build.0 = Release|Any CPU
		{76D4B5F9-4BE4-4B82-8E20-86AF0FCF4DAD}.Ad-Hoc|x86.ActiveCfg = Release|Any CPU
		{76D4B5F9-4BE4-4B82-8E20-86AF0FCF4DAD}.Ad-Hoc|x86.Build.0 = Release|Any CPU
		{76D4B5F9-4BE4-4B82-8E20-86AF0FCF4DAD}.AppStore|Any CPU.ActiveCfg = Release|Any CPU
		{76D4B5F9-4BE4-4B82-8E20-86AF0FCF4DAD}.AppStore|Any CPU.Build.0 = Release|Any CPU
		{76D4B5F9-4BE4-4B82-8E20-86AF0FCF4DAD}.AppStore|ARM.ActiveCfg = Release|Any CPU
		{76D4B5F9-4BE4-4B82-8E20-86AF0FCF4DAD}.AppStore|ARM.Build.0 = Release|Any CPU
		{76D4B5F9-4BE4-4B82-8E20-86AF0FCF4DAD}.AppStore|iPhone.ActiveCfg = Release|Any CPU
		{76D4B5F9-4BE4-4B82-8E20-86AF0FCF4DAD}.AppStore|iPhone.Build.0 = Release|Any CPU
		{76D4B5F9-4BE4-4B82-8E20-86AF0FCF4DAD}.AppStore|iPhoneSimulator.ActiveCfg = Release|Any CPU
		{76D4B5F9-4BE4-4B82-8E20-86AF0FCF4DAD}.AppStore|iPhoneSimulator.Build.0 = Release|Any CPU
		{76D4B5F9-4BE4-4B82-8E20-86AF0FCF4DAD}.AppStore|x64.ActiveCfg = Release|Any CPU
		{76D4B5F9-4BE4-4B82-8E20-86AF0FCF4DAD}.AppStore|x64.Build.0 = Release|Any CPU
		{76D4B5F9-4BE4-4B82-8E20-86AF0FCF4DAD}.AppStore|x86.ActiveCfg = Release|Any CPU
		{76D4B5F9-4BE4-4B82-8E20-86AF0FCF4DAD}.AppStore|x86.Build.0 = Release|Any CPU
		{76D4B5F9-4BE4-4B82-8E20-86AF0FCF4DAD}.Debug|Any CPU.ActiveCfg = Debug|Any CPU
		{76D4B5F9-4BE4-4B82-8E20-86AF0FCF4DAD}.Debug|Any CPU.Build.0 = Debug|Any CPU
		{76D4B5F9-4BE4-4B82-8E20-86AF0FCF4DAD}.Debug|ARM.ActiveCfg = Debug|Any CPU
		{76D4B5F9-4BE4-4B82-8E20-86AF0FCF4DAD}.Debug|ARM.Build.0 = Debug|Any CPU
		{76D4B5F9-4BE4-4B82-8E20-86AF0FCF4DAD}.Debug|iPhone.ActiveCfg = Debug|Any CPU
		{76D4B5F9-4BE4-4B82-8E20-86AF0FCF4DAD}.Debug|iPhone.Build.0 = Debug|Any CPU
		{76D4B5F9-4BE4-4B82-8E20-86AF0FCF4DAD}.Debug|iPhoneSimulator.ActiveCfg = Debug|Any CPU
		{76D4B5F9-4BE4-4B82-8E20-86AF0FCF4DAD}.Debug|iPhoneSimulator.Build.0 = Debug|Any CPU
		{76D4B5F9-4BE4-4B82-8E20-86AF0FCF4DAD}.Debug|x64.ActiveCfg = Debug|Any CPU
		{76D4B5F9-4BE4-4B82-8E20-86AF0FCF4DAD}.Debug|x64.Build.0 = Debug|Any CPU
		{76D4B5F9-4BE4-4B82-8E20-86AF0FCF4DAD}.Debug|x86.ActiveCfg = Debug|Any CPU
		{76D4B5F9-4BE4-4B82-8E20-86AF0FCF4DAD}.Debug|x86.Build.0 = Debug|Any CPU
		{76D4B5F9-4BE4-4B82-8E20-86AF0FCF4DAD}.Release|Any CPU.ActiveCfg = Release|Any CPU
		{76D4B5F9-4BE4-4B82-8E20-86AF0FCF4DAD}.Release|Any CPU.Build.0 = Release|Any CPU
		{76D4B5F9-4BE4-4B82-8E20-86AF0FCF4DAD}.Release|ARM.ActiveCfg = Release|Any CPU
		{76D4B5F9-4BE4-4B82-8E20-86AF0FCF4DAD}.Release|ARM.Build.0 = Release|Any CPU
		{76D4B5F9-4BE4-4B82-8E20-86AF0FCF4DAD}.Release|iPhone.ActiveCfg = Release|Any CPU
		{76D4B5F9-4BE4-4B82-8E20-86AF0FCF4DAD}.Release|iPhone.Build.0 = Release|Any CPU
		{76D4B5F9-4BE4-4B82-8E20-86AF0FCF4DAD}.Release|iPhoneSimulator.ActiveCfg = Release|Any CPU
		{76D4B5F9-4BE4-4B82-8E20-86AF0FCF4DAD}.Release|iPhoneSimulator.Build.0 = Release|Any CPU
		{76D4B5F9-4BE4-4B82-8E20-86AF0FCF4DAD}.Release|x64.ActiveCfg = Release|Any CPU
		{76D4B5F9-4BE4-4B82-8E20-86AF0FCF4DAD}.Release|x64.Build.0 = Release|Any CPU
		{76D4B5F9-4BE4-4B82-8E20-86AF0FCF4DAD}.Release|x86.ActiveCfg = Release|Any CPU
		{76D4B5F9-4BE4-4B82-8E20-86AF0FCF4DAD}.Release|x86.Build.0 = Release|Any CPU
		{3C60DBF5-10AB-4C3C-9023-45979A6E6DB6}.Ad-Hoc|Any CPU.ActiveCfg = Ad-Hoc|iPhone
		{3C60DBF5-10AB-4C3C-9023-45979A6E6DB6}.Ad-Hoc|ARM.ActiveCfg = Ad-Hoc|iPhone
		{3C60DBF5-10AB-4C3C-9023-45979A6E6DB6}.Ad-Hoc|iPhone.ActiveCfg = Ad-Hoc|iPhone
		{3C60DBF5-10AB-4C3C-9023-45979A6E6DB6}.Ad-Hoc|iPhone.Build.0 = Ad-Hoc|iPhone
		{3C60DBF5-10AB-4C3C-9023-45979A6E6DB6}.Ad-Hoc|iPhoneSimulator.ActiveCfg = Ad-Hoc|iPhoneSimulator
		{3C60DBF5-10AB-4C3C-9023-45979A6E6DB6}.Ad-Hoc|iPhoneSimulator.Build.0 = Ad-Hoc|iPhoneSimulator
		{3C60DBF5-10AB-4C3C-9023-45979A6E6DB6}.Ad-Hoc|x64.ActiveCfg = Ad-Hoc|iPhone
		{3C60DBF5-10AB-4C3C-9023-45979A6E6DB6}.Ad-Hoc|x86.ActiveCfg = Ad-Hoc|iPhone
		{3C60DBF5-10AB-4C3C-9023-45979A6E6DB6}.AppStore|Any CPU.ActiveCfg = AppStore|iPhone
		{3C60DBF5-10AB-4C3C-9023-45979A6E6DB6}.AppStore|ARM.ActiveCfg = AppStore|iPhone
		{3C60DBF5-10AB-4C3C-9023-45979A6E6DB6}.AppStore|iPhone.ActiveCfg = AppStore|iPhone
		{3C60DBF5-10AB-4C3C-9023-45979A6E6DB6}.AppStore|iPhone.Build.0 = AppStore|iPhone
		{3C60DBF5-10AB-4C3C-9023-45979A6E6DB6}.AppStore|iPhoneSimulator.ActiveCfg = AppStore|iPhoneSimulator
		{3C60DBF5-10AB-4C3C-9023-45979A6E6DB6}.AppStore|iPhoneSimulator.Build.0 = AppStore|iPhoneSimulator
		{3C60DBF5-10AB-4C3C-9023-45979A6E6DB6}.AppStore|x64.ActiveCfg = AppStore|iPhone
		{3C60DBF5-10AB-4C3C-9023-45979A6E6DB6}.AppStore|x86.ActiveCfg = AppStore|iPhone
		{3C60DBF5-10AB-4C3C-9023-45979A6E6DB6}.Debug|Any CPU.ActiveCfg = Debug|iPhone
		{3C60DBF5-10AB-4C3C-9023-45979A6E6DB6}.Debug|ARM.ActiveCfg = Debug|iPhone
		{3C60DBF5-10AB-4C3C-9023-45979A6E6DB6}.Debug|iPhone.ActiveCfg = Debug|iPhone
		{3C60DBF5-10AB-4C3C-9023-45979A6E6DB6}.Debug|iPhone.Build.0 = Debug|iPhone
		{3C60DBF5-10AB-4C3C-9023-45979A6E6DB6}.Debug|iPhoneSimulator.ActiveCfg = Debug|iPhoneSimulator
		{3C60DBF5-10AB-4C3C-9023-45979A6E6DB6}.Debug|iPhoneSimulator.Build.0 = Debug|iPhoneSimulator
		{3C60DBF5-10AB-4C3C-9023-45979A6E6DB6}.Debug|x64.ActiveCfg = Debug|iPhone
		{3C60DBF5-10AB-4C3C-9023-45979A6E6DB6}.Debug|x86.ActiveCfg = Debug|iPhone
		{3C60DBF5-10AB-4C3C-9023-45979A6E6DB6}.Release|Any CPU.ActiveCfg = Release|iPhone
		{3C60DBF5-10AB-4C3C-9023-45979A6E6DB6}.Release|ARM.ActiveCfg = Release|iPhone
		{3C60DBF5-10AB-4C3C-9023-45979A6E6DB6}.Release|iPhone.ActiveCfg = Release|iPhone
		{3C60DBF5-10AB-4C3C-9023-45979A6E6DB6}.Release|iPhone.Build.0 = Release|iPhone
		{3C60DBF5-10AB-4C3C-9023-45979A6E6DB6}.Release|iPhoneSimulator.ActiveCfg = Release|iPhoneSimulator
		{3C60DBF5-10AB-4C3C-9023-45979A6E6DB6}.Release|iPhoneSimulator.Build.0 = Release|iPhoneSimulator
		{3C60DBF5-10AB-4C3C-9023-45979A6E6DB6}.Release|x64.ActiveCfg = Release|iPhone
		{3C60DBF5-10AB-4C3C-9023-45979A6E6DB6}.Release|x86.ActiveCfg = Release|iPhone
		{78B00F76-5FB4-4429-ABF6-42A80A6E967E}.Ad-Hoc|Any CPU.ActiveCfg = Release|Any CPU
		{78B00F76-5FB4-4429-ABF6-42A80A6E967E}.Ad-Hoc|Any CPU.Build.0 = Release|Any CPU
		{78B00F76-5FB4-4429-ABF6-42A80A6E967E}.Ad-Hoc|ARM.ActiveCfg = Release|Any CPU
		{78B00F76-5FB4-4429-ABF6-42A80A6E967E}.Ad-Hoc|ARM.Build.0 = Release|Any CPU
		{78B00F76-5FB4-4429-ABF6-42A80A6E967E}.Ad-Hoc|iPhone.ActiveCfg = Release|Any CPU
		{78B00F76-5FB4-4429-ABF6-42A80A6E967E}.Ad-Hoc|iPhone.Build.0 = Release|Any CPU
		{78B00F76-5FB4-4429-ABF6-42A80A6E967E}.Ad-Hoc|iPhoneSimulator.ActiveCfg = Release|Any CPU
		{78B00F76-5FB4-4429-ABF6-42A80A6E967E}.Ad-Hoc|iPhoneSimulator.Build.0 = Release|Any CPU
		{78B00F76-5FB4-4429-ABF6-42A80A6E967E}.Ad-Hoc|x64.ActiveCfg = Release|Any CPU
		{78B00F76-5FB4-4429-ABF6-42A80A6E967E}.Ad-Hoc|x64.Build.0 = Release|Any CPU
		{78B00F76-5FB4-4429-ABF6-42A80A6E967E}.Ad-Hoc|x86.ActiveCfg = Release|Any CPU
		{78B00F76-5FB4-4429-ABF6-42A80A6E967E}.Ad-Hoc|x86.Build.0 = Release|Any CPU
		{78B00F76-5FB4-4429-ABF6-42A80A6E967E}.AppStore|Any CPU.ActiveCfg = Release|Any CPU
		{78B00F76-5FB4-4429-ABF6-42A80A6E967E}.AppStore|Any CPU.Build.0 = Release|Any CPU
		{78B00F76-5FB4-4429-ABF6-42A80A6E967E}.AppStore|ARM.ActiveCfg = Release|Any CPU
		{78B00F76-5FB4-4429-ABF6-42A80A6E967E}.AppStore|ARM.Build.0 = Release|Any CPU
		{78B00F76-5FB4-4429-ABF6-42A80A6E967E}.AppStore|iPhone.ActiveCfg = Release|Any CPU
		{78B00F76-5FB4-4429-ABF6-42A80A6E967E}.AppStore|iPhone.Build.0 = Release|Any CPU
		{78B00F76-5FB4-4429-ABF6-42A80A6E967E}.AppStore|iPhoneSimulator.ActiveCfg = Release|Any CPU
		{78B00F76-5FB4-4429-ABF6-42A80A6E967E}.AppStore|iPhoneSimulator.Build.0 = Release|Any CPU
		{78B00F76-5FB4-4429-ABF6-42A80A6E967E}.AppStore|x64.ActiveCfg = Release|Any CPU
		{78B00F76-5FB4-4429-ABF6-42A80A6E967E}.AppStore|x64.Build.0 = Release|Any CPU
		{78B00F76-5FB4-4429-ABF6-42A80A6E967E}.AppStore|x86.ActiveCfg = Release|Any CPU
		{78B00F76-5FB4-4429-ABF6-42A80A6E967E}.AppStore|x86.Build.0 = Release|Any CPU
		{78B00F76-5FB4-4429-ABF6-42A80A6E967E}.Debug|Any CPU.ActiveCfg = Debug|Any CPU
		{78B00F76-5FB4-4429-ABF6-42A80A6E967E}.Debug|Any CPU.Build.0 = Debug|Any CPU
		{78B00F76-5FB4-4429-ABF6-42A80A6E967E}.Debug|ARM.ActiveCfg = Debug|Any CPU
		{78B00F76-5FB4-4429-ABF6-42A80A6E967E}.Debug|ARM.Build.0 = Debug|Any CPU
		{78B00F76-5FB4-4429-ABF6-42A80A6E967E}.Debug|iPhone.ActiveCfg = Debug|Any CPU
		{78B00F76-5FB4-4429-ABF6-42A80A6E967E}.Debug|iPhone.Build.0 = Debug|Any CPU
		{78B00F76-5FB4-4429-ABF6-42A80A6E967E}.Debug|iPhoneSimulator.ActiveCfg = Debug|Any CPU
		{78B00F76-5FB4-4429-ABF6-42A80A6E967E}.Debug|iPhoneSimulator.Build.0 = Debug|Any CPU
		{78B00F76-5FB4-4429-ABF6-42A80A6E967E}.Debug|x64.ActiveCfg = Debug|Any CPU
		{78B00F76-5FB4-4429-ABF6-42A80A6E967E}.Debug|x64.Build.0 = Debug|Any CPU
		{78B00F76-5FB4-4429-ABF6-42A80A6E967E}.Debug|x86.ActiveCfg = Debug|Any CPU
		{78B00F76-5FB4-4429-ABF6-42A80A6E967E}.Debug|x86.Build.0 = Debug|Any CPU
		{78B00F76-5FB4-4429-ABF6-42A80A6E967E}.Release|Any CPU.ActiveCfg = Release|Any CPU
		{78B00F76-5FB4-4429-ABF6-42A80A6E967E}.Release|Any CPU.Build.0 = Release|Any CPU
		{78B00F76-5FB4-4429-ABF6-42A80A6E967E}.Release|ARM.ActiveCfg = Release|Any CPU
		{78B00F76-5FB4-4429-ABF6-42A80A6E967E}.Release|ARM.Build.0 = Release|Any CPU
		{78B00F76-5FB4-4429-ABF6-42A80A6E967E}.Release|iPhone.ActiveCfg = Release|Any CPU
		{78B00F76-5FB4-4429-ABF6-42A80A6E967E}.Release|iPhone.Build.0 = Release|Any CPU
		{78B00F76-5FB4-4429-ABF6-42A80A6E967E}.Release|iPhoneSimulator.ActiveCfg = Release|Any CPU
		{78B00F76-5FB4-4429-ABF6-42A80A6E967E}.Release|iPhoneSimulator.Build.0 = Release|Any CPU
		{78B00F76-5FB4-4429-ABF6-42A80A6E967E}.Release|x64.ActiveCfg = Release|Any CPU
		{78B00F76-5FB4-4429-ABF6-42A80A6E967E}.Release|x64.Build.0 = Release|Any CPU
		{78B00F76-5FB4-4429-ABF6-42A80A6E967E}.Release|x86.ActiveCfg = Release|Any CPU
		{78B00F76-5FB4-4429-ABF6-42A80A6E967E}.Release|x86.Build.0 = Release|Any CPU
		{49CE4944-F3EC-4241-9AC2-617F42624CFE}.Ad-Hoc|Any CPU.ActiveCfg = Release|Any CPU
		{49CE4944-F3EC-4241-9AC2-617F42624CFE}.Ad-Hoc|Any CPU.Build.0 = Release|Any CPU
		{49CE4944-F3EC-4241-9AC2-617F42624CFE}.Ad-Hoc|ARM.ActiveCfg = Release|Any CPU
		{49CE4944-F3EC-4241-9AC2-617F42624CFE}.Ad-Hoc|ARM.Build.0 = Release|Any CPU
		{49CE4944-F3EC-4241-9AC2-617F42624CFE}.Ad-Hoc|iPhone.ActiveCfg = Release|Any CPU
		{49CE4944-F3EC-4241-9AC2-617F42624CFE}.Ad-Hoc|iPhone.Build.0 = Release|Any CPU
		{49CE4944-F3EC-4241-9AC2-617F42624CFE}.Ad-Hoc|iPhoneSimulator.ActiveCfg = Release|Any CPU
		{49CE4944-F3EC-4241-9AC2-617F42624CFE}.Ad-Hoc|iPhoneSimulator.Build.0 = Release|Any CPU
		{49CE4944-F3EC-4241-9AC2-617F42624CFE}.Ad-Hoc|x64.ActiveCfg = Release|Any CPU
		{49CE4944-F3EC-4241-9AC2-617F42624CFE}.Ad-Hoc|x64.Build.0 = Release|Any CPU
		{49CE4944-F3EC-4241-9AC2-617F42624CFE}.Ad-Hoc|x86.ActiveCfg = Release|Any CPU
		{49CE4944-F3EC-4241-9AC2-617F42624CFE}.Ad-Hoc|x86.Build.0 = Release|Any CPU
		{49CE4944-F3EC-4241-9AC2-617F42624CFE}.AppStore|Any CPU.ActiveCfg = Release|Any CPU
		{49CE4944-F3EC-4241-9AC2-617F42624CFE}.AppStore|Any CPU.Build.0 = Release|Any CPU
		{49CE4944-F3EC-4241-9AC2-617F42624CFE}.AppStore|ARM.ActiveCfg = Release|Any CPU
		{49CE4944-F3EC-4241-9AC2-617F42624CFE}.AppStore|ARM.Build.0 = Release|Any CPU
		{49CE4944-F3EC-4241-9AC2-617F42624CFE}.AppStore|iPhone.ActiveCfg = Release|Any CPU
		{49CE4944-F3EC-4241-9AC2-617F42624CFE}.AppStore|iPhone.Build.0 = Release|Any CPU
		{49CE4944-F3EC-4241-9AC2-617F42624CFE}.AppStore|iPhoneSimulator.ActiveCfg = Release|Any CPU
		{49CE4944-F3EC-4241-9AC2-617F42624CFE}.AppStore|iPhoneSimulator.Build.0 = Release|Any CPU
		{49CE4944-F3EC-4241-9AC2-617F42624CFE}.AppStore|x64.ActiveCfg = Release|Any CPU
		{49CE4944-F3EC-4241-9AC2-617F42624CFE}.AppStore|x64.Build.0 = Release|Any CPU
		{49CE4944-F3EC-4241-9AC2-617F42624CFE}.AppStore|x86.ActiveCfg = Release|Any CPU
		{49CE4944-F3EC-4241-9AC2-617F42624CFE}.AppStore|x86.Build.0 = Release|Any CPU
		{49CE4944-F3EC-4241-9AC2-617F42624CFE}.Debug|Any CPU.ActiveCfg = Debug|Any CPU
		{49CE4944-F3EC-4241-9AC2-617F42624CFE}.Debug|Any CPU.Build.0 = Debug|Any CPU
		{49CE4944-F3EC-4241-9AC2-617F42624CFE}.Debug|ARM.ActiveCfg = Debug|Any CPU
		{49CE4944-F3EC-4241-9AC2-617F42624CFE}.Debug|ARM.Build.0 = Debug|Any CPU
		{49CE4944-F3EC-4241-9AC2-617F42624CFE}.Debug|iPhone.ActiveCfg = Debug|Any CPU
		{49CE4944-F3EC-4241-9AC2-617F42624CFE}.Debug|iPhone.Build.0 = Debug|Any CPU
		{49CE4944-F3EC-4241-9AC2-617F42624CFE}.Debug|iPhoneSimulator.ActiveCfg = Debug|Any CPU
		{49CE4944-F3EC-4241-9AC2-617F42624CFE}.Debug|iPhoneSimulator.Build.0 = Debug|Any CPU
		{49CE4944-F3EC-4241-9AC2-617F42624CFE}.Debug|x64.ActiveCfg = Debug|Any CPU
		{49CE4944-F3EC-4241-9AC2-617F42624CFE}.Debug|x64.Build.0 = Debug|Any CPU
		{49CE4944-F3EC-4241-9AC2-617F42624CFE}.Debug|x86.ActiveCfg = Debug|Any CPU
		{49CE4944-F3EC-4241-9AC2-617F42624CFE}.Debug|x86.Build.0 = Debug|Any CPU
		{49CE4944-F3EC-4241-9AC2-617F42624CFE}.Release|Any CPU.ActiveCfg = Release|Any CPU
		{49CE4944-F3EC-4241-9AC2-617F42624CFE}.Release|Any CPU.Build.0 = Release|Any CPU
		{49CE4944-F3EC-4241-9AC2-617F42624CFE}.Release|ARM.ActiveCfg = Release|Any CPU
		{49CE4944-F3EC-4241-9AC2-617F42624CFE}.Release|ARM.Build.0 = Release|Any CPU
		{49CE4944-F3EC-4241-9AC2-617F42624CFE}.Release|iPhone.ActiveCfg = Release|Any CPU
		{49CE4944-F3EC-4241-9AC2-617F42624CFE}.Release|iPhone.Build.0 = Release|Any CPU
		{49CE4944-F3EC-4241-9AC2-617F42624CFE}.Release|iPhoneSimulator.ActiveCfg = Release|Any CPU
		{49CE4944-F3EC-4241-9AC2-617F42624CFE}.Release|iPhoneSimulator.Build.0 = Release|Any CPU
		{49CE4944-F3EC-4241-9AC2-617F42624CFE}.Release|x64.ActiveCfg = Release|Any CPU
		{49CE4944-F3EC-4241-9AC2-617F42624CFE}.Release|x64.Build.0 = Release|Any CPU
		{49CE4944-F3EC-4241-9AC2-617F42624CFE}.Release|x86.ActiveCfg = Release|Any CPU
		{49CE4944-F3EC-4241-9AC2-617F42624CFE}.Release|x86.Build.0 = Release|Any CPU
	EndGlobalSection
	GlobalSection(SolutionProperties) = preSolution
		HideSolutionNode = FALSE
	EndGlobalSection
	GlobalSection(NestedProjects) = preSolution
		{30A54BA7-74AF-40C7-95D4-A2C6CE61D3C2} = {94B3FEF2-00C4-44A8-8B6B-1E53DD42D8D0}
		{67F9D3A8-F71E-4428-913F-C37AE82CDB24} = {FFFEC01A-9BEA-4A5C-9A0A-9F540CEB61A7}
		{76D4B5F9-4BE4-4B82-8E20-86AF0FCF4DAD} = {53C3165E-9063-4912-B06A-60E6B30400F9}
		{3C60DBF5-10AB-4C3C-9023-45979A6E6DB6} = {94B3FEF2-00C4-44A8-8B6B-1E53DD42D8D0}
		{78B00F76-5FB4-4429-ABF6-42A80A6E967E} = {AA07DBFC-2A1B-4E7A-857B-932BEDCB789A}
		{49CE4944-F3EC-4241-9AC2-617F42624CFE} = {AA07DBFC-2A1B-4E7A-857B-932BEDCB789A}
		{A00F6278-A080-4987-8E4C-075B2A9A1B86} = {AA07DBFC-2A1B-4E7A-857B-932BEDCB789A}
	EndGlobalSection
EndGlobal
